
Microsoft Visual Studio Solution File, Format Version 12.00
# Visual Studio Version 16
VisualStudioVersion = 16.0.33027.164
MinimumVisualStudioVersion = 10.0.40219.1
Project("{FAE04EC0-301F-11D3-BF4B-00C04F79EFBC}") = "Academy class  task 8", "Academy class  task 8\Academy class  task 8.csproj", "{99968114-8CFA-41FB-945E-32548F57017B}"
EndProject
Global
	GlobalSection(SolutionConfigurationPlatforms) = preSolution
		Debug|Any CPU = Debug|Any CPU
		Release|Any CPU = Release|Any CPU
	EndGlobalSection
	GlobalSection(ProjectConfigurationPlatforms) = postSolution
		{99968114-8CFA-41FB-945E-32548F57017B}.Debug|Any CPU.ActiveCfg = Debug|Any CPU
		{99968114-8CFA-41FB-945E-32548F57017B}.Debug|Any CPU.Build.0 = Debug|Any CPU
		{99968114-8CFA-41FB-945E-32548F57017B}.Release|Any CPU.ActiveCfg = Release|Any CPU
		{99968114-8CFA-41FB-945E-32548F57017B}.Release|Any CPU.Build.0 = Release|Any CPU
	EndGlobalSection
	GlobalSection(SolutionProperties) = preSolution
		HideSolutionNode = FALSE
	EndGlobalSection
	GlobalSection(ExtensibilityGlobals) = postSolution
		SolutionGuid = {F9E11F89-9343-4023-A6EF-9C176E543278}
	EndGlobalSection
EndGlobal
